
Microsoft Visual Studio Solution File, Format Version 12.00
# Visual Studio Version 16
VisualStudioVersion = 16.0.30621.155
MinimumVisualStudioVersion = 10.0.40219.1
Project("{9A19103F-16F7-4668-BE54-9A1E7A4F7556}") = "OpenXmlPocDocker", "testdocker\OpenXmlPocDocker.csproj", "{05B0AC2C-0065-44EE-BD41-3687EF15EA29}"
EndProject
Global
	GlobalSection(SolutionConfigurationPlatforms) = preSolution
		Debug|Any CPU = Debug|Any CPU
		Release|Any CPU = Release|Any CPU
	EndGlobalSection
	GlobalSection(ProjectConfigurationPlatforms) = postSolution
		{05B0AC2C-0065-44EE-BD41-3687EF15EA29}.Debug|Any CPU.ActiveCfg = Debug|Any CPU
		{05B0AC2C-0065-44EE-BD41-3687EF15EA29}.Debug|Any CPU.Build.0 = Debug|Any CPU
		{05B0AC2C-0065-44EE-BD41-3687EF15EA29}.Release|Any CPU.ActiveCfg = Release|Any CPU
		{05B0AC2C-0065-44EE-BD41-3687EF15EA29}.Release|Any CPU.Build.0 = Release|Any CPU
	EndGlobalSection
	GlobalSection(SolutionProperties) = preSolution
		HideSolutionNode = FALSE
	EndGlobalSection
	GlobalSection(ExtensibilityGlobals) = postSolution
		SolutionGuid = {CF2DFDD8-6A53-47AF-8A7B-457F33D333DF}
	EndGlobalSection
EndGlobal
